github.com/seungyeop-lee/book-rental-shop/backend/backoffice/context/member/vo v0.0.0-20230101203127-42b646b84a55 h1:1xy3WCv/h7MgaB2STJtthGJWdex2zzawbwc74oLUJUg=
github.com/seungyeop-lee/book-rental-shop/backend/backoffice/context/member/vo v0.0.0-20230101203127-42b646b84a55/go.mod h1:BwmwnmctTOym42M7ZWU1X1ZbLueJfVEo9939UKB9OWs=
